
Microsoft Visual Studio Solution File, Format Version 12.00
# Visual Studio 15
VisualStudioVersion = 15.0.26730.8
MinimumVisualStudioVersion = 10.0.40219.1
Project("{FAE04EC0-301F-11D3-BF4B-00C04F79EFBC}") = "Cargo", "Cargo\Cargo.csproj", "{9A60A255-8E3E-4A62-A89A-D9F2E3CE7EFE}"
	ProjectSection(ProjectDependencies) = postProject
		{236AEBEA-6D88-4C2B-A2D4-566813B4C99A} = {236AEBEA-6D88-4C2B-A2D4-566813B4C99A}
	EndProjectSection
EndProject
Project("{FAE04EC0-301F-11D3-BF4B-00C04F79EFBC}") = "CargoEngine", "CargoEngine\CargoEngine.csproj", "{236AEBEA-6D88-4C2B-A2D4-566813B4C99A}"
EndProject
Global
	GlobalSection(SolutionConfigurationPlatforms) = preSolution
		Debug|Any CPU = Debug|Any CPU
		Release|Any CPU = Release|Any CPU
	EndGlobalSection
	GlobalSection(ProjectConfigurationPlatforms) = postSolution
		{9A60A255-8E3E-4A62-A89A-D9F2E3CE7EFE}.Debug|Any CPU.ActiveCfg = Debug|Any CPU
		{9A60A255-8E3E-4A62-A89A-D9F2E3CE7EFE}.Debug|Any CPU.Build.0 = Debug|Any CPU
		{9A60A255-8E3E-4A62-A89A-D9F2E3CE7EFE}.Release|Any CPU.ActiveCfg = Release|Any CPU
		{9A60A255-8E3E-4A62-A89A-D9F2E3CE7EFE}.Release|Any CPU.Build.0 = Release|Any CPU
		{236AEBEA-6D88-4C2B-A2D4-566813B4C99A}.Debug|Any CPU.ActiveCfg = Debug|Any CPU
		{236AEBEA-6D88-4C2B-A2D4-566813B4C99A}.Debug|Any CPU.Build.0 = Debug|Any CPU
		{236AEBEA-6D88-4C2B-A2D4-566813B4C99A}.Release|Any CPU.ActiveCfg = Release|Any CPU
		{236AEBEA-6D88-4C2B-A2D4-566813B4C99A}.Release|Any CPU.Build.0 = Release|Any CPU
	EndGlobalSection
	GlobalSection(SolutionProperties) = preSolution
		HideSolutionNode = FALSE
	EndGlobalSection
	GlobalSection(ExtensibilityGlobals) = postSolution
		SolutionGuid = {8258BAA8-A7C1-4C1C-97F8-92E6DD8DABFD}
	EndGlobalSection
EndGlobal
